
Microsoft Visual Studio Solution File, Format Version 12.00
# Visual Studio Version 16
VisualStudioVersion = 16.0.30309.148
MinimumVisualStudioVersion = 10.0.40219.1
Project("{FAE04EC0-301F-11D3-BF4B-00C04F79EFBC}") = "SearchReadV1", "SearchReadV1\SearchReadV1.csproj", "{78D5C577-2C1D-44C7-B86B-71EB528864B2}"
EndProject
Global
	GlobalSection(SolutionConfigurationPlatforms) = preSolution
		Debug|Any CPU = Debug|Any CPU
		Release|Any CPU = Release|Any CPU
	EndGlobalSection
	GlobalSection(ProjectConfigurationPlatforms) = postSolution
		{78D5C577-2C1D-44C7-B86B-71EB528864B2}.Debug|Any CPU.ActiveCfg = Debug|Any CPU
		{78D5C577-2C1D-44C7-B86B-71EB528864B2}.Debug|Any CPU.Build.0 = Debug|Any CPU
		{78D5C577-2C1D-44C7-B86B-71EB528864B2}.Release|Any CPU.ActiveCfg = Release|Any CPU
		{78D5C577-2C1D-44C7-B86B-71EB528864B2}.Release|Any CPU.Build.0 = Release|Any CPU
	EndGlobalSection
	GlobalSection(SolutionProperties) = preSolution
		HideSolutionNode = FALSE
	EndGlobalSection
	GlobalSection(ExtensibilityGlobals) = postSolution
		SolutionGuid = {2A047D06-853E-4735-9B11-1329DCF901E7}
	EndGlobalSection
EndGlobal
